
Microsoft Visual Studio Solution File, Format Version 12.00
# Visual Studio Version 17
VisualStudioVersion = 17.7.34024.191
MinimumVisualStudioVersion = 10.0.40219.1
Project("{FAE04EC0-301F-11D3-BF4B-00C04F79EFBC}") = "HomeTask03", "HomeTask03\HomeTask03.csproj", "{D63CD493-43FA-4879-8231-09E6C082D9C3}"
EndProject
Global
	GlobalSection(SolutionConfigurationPlatforms) = preSolution
		Debug|Any CPU = Debug|Any CPU
		Release|Any CPU = Release|Any CPU
	EndGlobalSection
	GlobalSection(ProjectConfigurationPlatforms) = postSolution
		{D63CD493-43FA-4879-8231-09E6C082D9C3}.Debug|Any CPU.ActiveCfg = Debug|Any CPU
		{D63CD493-43FA-4879-8231-09E6C082D9C3}.Debug|Any CPU.Build.0 = Debug|Any CPU
		{D63CD493-43FA-4879-8231-09E6C082D9C3}.Release|Any CPU.ActiveCfg = Release|Any CPU
		{D63CD493-43FA-4879-8231-09E6C082D9C3}.Release|Any CPU.Build.0 = Release|Any CPU
	EndGlobalSection
	GlobalSection(SolutionProperties) = preSolution
		HideSolutionNode = FALSE
	EndGlobalSection
	GlobalSection(ExtensibilityGlobals) = postSolution
		SolutionGuid = {865CF262-019B-49B0-9782-0A183E41CA6E}
	EndGlobalSection
EndGlobal
